
Microsoft Visual Studio Solution File, Format Version 12.00
# Visual Studio Version 17
VisualStudioVersion = 17.1.32328.378
MinimumVisualStudioVersion = 10.0.40219.1
Project("{9A19103F-16F7-4668-BE54-9A1E7A4F7556}") = "Net", "Net\Net.csproj", "{A6DF7964-E041-4CF9-BE5B-F53C61B36829}"
EndProject
Project("{9A19103F-16F7-4668-BE54-9A1E7A4F7556}") = "CmdLineMsgClient", "CmdLineMsgClient\CmdLineMsgClient.csproj", "{C22188B4-9092-45F4-B9C5-9B5CA040179C}"
EndProject
Project("{9A19103F-16F7-4668-BE54-9A1E7A4F7556}") = "MsgServer", "MsgServer\MsgServer.csproj", "{C85BC000-EF6D-448C-ACF2-48C7010BA15E}"
EndProject
Project("{9A19103F-16F7-4668-BE54-9A1E7A4F7556}") = "FileServer", "FileServer\FileServer.csproj", "{2B855272-C271-4E0E-A7BE-17DFFA8DEDAF}"
EndProject
Project("{9A19103F-16F7-4668-BE54-9A1E7A4F7556}") = "FileClient", "FileClient\FileClient.csproj", "{E87463E5-FA70-43EE-8132-9AF15343D18C}"
EndProject
Project("{2150E333-8FDC-42A3-9474-1A3956D46DE8}") = "Docs", "Docs", "{A5608940-AA1C-40BA-888D-024478AAF258}"
	ProjectSection(SolutionItems) = preProject
		BaseClient.md = BaseClient.md
		BaseServer.md = BaseServer.md
		Channel.md = Channel.md
		Client.md = Client.md
		ExtensiveDocs.md = ExtensiveDocs.md
		GeneralClient.md = GeneralClient.md
		GettingStarted.md = GettingStarted.md
		IChannel.md = IChannel.md
		MessageBase.md = MessageBase.md
		ObjectClient.md = ObjectClient.md
		ObjectClient_MainChannel_.md = ObjectClient_MainChannel_.md
		RegisterMessageAttribute.md = RegisterMessageAttribute.md
		Server.md = Server.md
		ServerClient.md = ServerClient.md
	EndProjectSection
EndProject
Project("{9A19103F-16F7-4668-BE54-9A1E7A4F7556}") = "TestGround", "TestGround\TestGround.csproj", "{B786EFF1-804A-4082-A0E0-F960E3FF1A98}"
EndProject
Project("{9A19103F-16F7-4668-BE54-9A1E7A4F7556}") = "UnitTests", "UnitTests\UnitTests.csproj", "{6B47A04F-775C-4C73-85B9-0CF1CCEEABA1}"
EndProject
Global
	GlobalSection(SolutionConfigurationPlatforms) = preSolution
		Debug|Any CPU = Debug|Any CPU
		Release|Any CPU = Release|Any CPU
	EndGlobalSection
	GlobalSection(ProjectConfigurationPlatforms) = postSolution
		{A6DF7964-E041-4CF9-BE5B-F53C61B36829}.Debug|Any CPU.ActiveCfg = Debug|Any CPU
		{A6DF7964-E041-4CF9-BE5B-F53C61B36829}.Debug|Any CPU.Build.0 = Debug|Any CPU
		{A6DF7964-E041-4CF9-BE5B-F53C61B36829}.Release|Any CPU.ActiveCfg = Release|Any CPU
		{A6DF7964-E041-4CF9-BE5B-F53C61B36829}.Release|Any CPU.Build.0 = Release|Any CPU
		{C22188B4-9092-45F4-B9C5-9B5CA040179C}.Debug|Any CPU.ActiveCfg = Debug|Any CPU
		{C22188B4-9092-45F4-B9C5-9B5CA040179C}.Debug|Any CPU.Build.0 = Debug|Any CPU
		{C22188B4-9092-45F4-B9C5-9B5CA040179C}.Release|Any CPU.ActiveCfg = Release|Any CPU
		{C22188B4-9092-45F4-B9C5-9B5CA040179C}.Release|Any CPU.Build.0 = Release|Any CPU
		{C85BC000-EF6D-448C-ACF2-48C7010BA15E}.Debug|Any CPU.ActiveCfg = Debug|Any CPU
		{C85BC000-EF6D-448C-ACF2-48C7010BA15E}.Debug|Any CPU.Build.0 = Debug|Any CPU
		{C85BC000-EF6D-448C-ACF2-48C7010BA15E}.Release|Any CPU.ActiveCfg = Release|Any CPU
		{C85BC000-EF6D-448C-ACF2-48C7010BA15E}.Release|Any CPU.Build.0 = Release|Any CPU
		{2B855272-C271-4E0E-A7BE-17DFFA8DEDAF}.Debug|Any CPU.ActiveCfg = Debug|Any CPU
		{2B855272-C271-4E0E-A7BE-17DFFA8DEDAF}.Debug|Any CPU.Build.0 = Debug|Any CPU
		{2B855272-C271-4E0E-A7BE-17DFFA8DEDAF}.Release|Any CPU.ActiveCfg = Release|Any CPU
		{2B855272-C271-4E0E-A7BE-17DFFA8DEDAF}.Release|Any CPU.Build.0 = Release|Any CPU
		{E87463E5-FA70-43EE-8132-9AF15343D18C}.Debug|Any CPU.ActiveCfg = Debug|Any CPU
		{E87463E5-FA70-43EE-8132-9AF15343D18C}.Debug|Any CPU.Build.0 = Debug|Any CPU
		{E87463E5-FA70-43EE-8132-9AF15343D18C}.Release|Any CPU.ActiveCfg = Release|Any CPU
		{E87463E5-FA70-43EE-8132-9AF15343D18C}.Release|Any CPU.Build.0 = Release|Any CPU
		{B786EFF1-804A-4082-A0E0-F960E3FF1A98}.Debug|Any CPU.ActiveCfg = Debug|Any CPU
		{B786EFF1-804A-4082-A0E0-F960E3FF1A98}.Debug|Any CPU.Build.0 = Debug|Any CPU
		{B786EFF1-804A-4082-A0E0-F960E3FF1A98}.Release|Any CPU.ActiveCfg = Release|Any CPU
		{B786EFF1-804A-4082-A0E0-F960E3FF1A98}.Release|Any CPU.Build.0 = Release|Any CPU
		{6B47A04F-775C-4C73-85B9-0CF1CCEEABA1}.Debug|Any CPU.ActiveCfg = Debug|Any CPU
		{6B47A04F-775C-4C73-85B9-0CF1CCEEABA1}.Debug|Any CPU.Build.0 = Debug|Any CPU
		{6B47A04F-775C-4C73-85B9-0CF1CCEEABA1}.Release|Any CPU.ActiveCfg = Release|Any CPU
		{6B47A04F-775C-4C73-85B9-0CF1CCEEABA1}.Release|Any CPU.Build.0 = Release|Any CPU
	EndGlobalSection
	GlobalSection(SolutionProperties) = preSolution
		HideSolutionNode = FALSE
	EndGlobalSection
	GlobalSection(ExtensibilityGlobals) = postSolution
		SolutionGuid = {244E3CE5-C3DB-4184-9763-B95A76D71C0D}
	EndGlobalSection
EndGlobal
